{
  "name": "hello-sqlite",
  "version": "0.0.1",
  "lockfileVersion": 1,
  "requires": true,
  "dependencies": {
    "axios": {
      "version": "0.24.0",
      "resolved": "https://registry.npmjs.org/axios/-/axios-0.24.0.tgz",
      "integrity": "sha512-Q6cWsys88HoPgAaFAVUb0WpPk0O8iTeisR9IMqy9G8AbO4NlpVknrnQS03zzF9PGAWgO3cgletO3VjV/P7VztA==",
      "requires": {
        "follow-redirects": "^1.14.4"
      }
    },
    "bcrypt": {
      "version": "5.0.1",
      "requires": {
        "@mapbox/node-pre-gyp": "^1.0.0",
        "node-addon-api": "^3.1.0"
      }
    },
    "express": {
      "version": "4.17.1",
      "requires": {
        "accepts": "~1.3.7",
        "array-flatten": "1.1.1",
        "body-parser": "1.19.0",
        "content-disposition": "0.5.3",
        "content-type": "~1.0.4",
        "cookie": "0.4.0",
        "cookie-signature": "1.0.6",
        "debug": "2.6.9",
        "depd": "~1.1.2",
        "encodeurl": "~1.0.2",
        "escape-html": "~1.0.3",
        "etag": "~1.8.1",
        "finalhandler": "~1.1.2",
        "fresh": "0.5.2",
        "merge-descriptors": "1.0.1",
        "methods": "~1.1.2",
        "on-finished": "~2.3.0",
        "parseurl": "~1.3.3",
        "path-to-regexp": "0.1.7",
        "proxy-addr": "~2.0.5",
        "qs": "6.7.0",
        "range-parser": "~1.2.1",
        "safe-buffer": "5.1.2",
        "send": "0.17.1",
        "serve-static": "1.14.1",
        "setprototypeof": "1.1.1",
        "statuses": "~1.5.0",
        "type-is": "~1.6.18",
        "utils-merge": "1.0.1",
        "vary": "~1.1.2"
      }
    },
    "express-static": {
      "version": "1.2.6",
      "requires": {
        "mime2": "^0.0.11"
      }
    },
    "fast-json-stringify": {
      "version": "2.7.11",
      "requires": {
        "ajv": "^6.11.0",
        "deepmerge": "^4.2.2",
        "rfdc": "^1.2.0",
        "string-similarity": "^4.0.1"
      }
    },
    "fastify": {
      "version": "3.16.2",
      "requires": {
        "@fastify/ajv-compiler": "^1.0.0",
        "@fastify/proxy-addr": "^3.0.0",
        "abstract-logging": "^2.0.0",
        "avvio": "^7.1.2",
        "fast-json-stringify": "^2.5.2",
        "fastify-error": "^0.3.0",
        "fastify-warning": "^0.2.0",
        "find-my-way": "^4.0.0",
        "flatstr": "^1.0.12",
        "light-my-request": "^4.2.0",
        "pino": "^6.2.1",
        "readable-stream": "^3.4.0",
        "rfdc": "^1.1.4",
        "secure-json-parse": "^2.0.0",
        "semver": "^7.3.2",
        "tiny-lru": "^7.0.0"
      }
    },
    "fastify-cookie": {
      "version": "5.3.1",
      "requires": {
        "cookie": "^0.4.0",
        "cookie-signature": "^1.1.0",
        "fastify-plugin": "^3.0.0"
      }
    },
    "fastify-formbody": {
      "version": "5.1.0",
      "requires": {
        "fastify-plugin": "^3.0.0"
      }
    },
    "fastify-passport": {
      "version": "0.4.3",
      "requires": {
        "fastify-flash": "^2.0.2",
        "fastify-plugin": "^3.0.0"
      }
    },
    "fastify-secure-session": {
      "version": "3.0.0",
      "requires": {
        "fastify-cookie": "^5.0.0",
        "fastify-plugin": "^3.0.0",
        "sodium-native": "^3.0.0"
      }
    },
    "fastify-session": {
      "version": "5.2.1",
      "requires": {
        "cookie-signature": "^1.1.0",
        "fastify-plugin": "^3.0.0",
        "uid-safe": "^2.1.5"
      }
    },
    "fastify-static": {
      "version": "4.2.2",
      "requires": {
        "content-disposition": "^0.5.3",
        "encoding-negotiator": "^2.0.1",
        "fastify-plugin": "^3.0.0",
        "glob": "^7.1.4",
        "readable-stream": "^3.4.0",
        "send": "^0.17.1"
      }
    },
    "follow-redirects": {
      "version": "1.14.4"
    },
    "handlebars": {
      "version": "4.7.7",
      "requires": {
        "minimist": "^1.2.5",
        "neo-async": "^2.6.0",
        "source-map": "^0.6.1",
        "uglify-js": "^3.1.4",
        "wordwrap": "^1.0.0"
      }
    },
    "passport": {
      "version": "0.5.0",
      "requires": {
        "passport-strategy": "1.x.x",
        "pause": "0.0.1"
      }
    },
    "passport-local": {
      "version": "1.0.0",
      "requires": {
        "passport-strategy": "1.x.x"
      }
    },
    "point-of-view": {
      "version": "4.14.0",
      "requires": {
        "fastify-plugin": "^3.0.0",
        "hashlru": "^2.3.0"
      }
    },
    "sqlite": {
      "version": "4.0.23"
    },
    "sqlite3": {
      "version": "5.0.2",
      "requires": {
        "node-addon-api": "^3.0.0",
        "node-gyp": "3.x",
        "node-pre-gyp": "^0.11.0"
      }
    }
  }
}
